
Microsoft Visual Studio Solution File, Format Version 12.00
# Visual Studio 14
VisualStudioVersion = 14.0.25420.1
MinimumVisualStudioVersion = 10.0.40219.1
Project("{FAE04EC0-301F-11D3-BF4B-00C04F79EFBC}") = "Internship.Cashe", "Internship.Cashe\Internship.Cashe.csproj", "{7867EF2D-9FD1-4C58-900C-325C33890D87}"
EndProject
Project("{FAE04EC0-301F-11D3-BF4B-00C04F79EFBC}") = "TestsCache", "TestsCache\TestsCache.csproj", "{D3026D91-1863-4FF7-8980-A77C32A699F6}"
EndProject
Global
	GlobalSection(SolutionConfigurationPlatforms) = preSolution
		Debug|Any CPU = Debug|Any CPU
		Release|Any CPU = Release|Any CPU
	EndGlobalSection
	GlobalSection(ProjectConfigurationPlatforms) = postSolution
		{7867EF2D-9FD1-4C58-900C-325C33890D87}.Debug|Any CPU.ActiveCfg = Debug|Any CPU
		{7867EF2D-9FD1-4C58-900C-325C33890D87}.Debug|Any CPU.Build.0 = Debug|Any CPU
		{7867EF2D-9FD1-4C58-900C-325C33890D87}.Release|Any CPU.ActiveCfg = Release|Any CPU
		{7867EF2D-9FD1-4C58-900C-325C33890D87}.Release|Any CPU.Build.0 = Release|Any CPU
		{D3026D91-1863-4FF7-8980-A77C32A699F6}.Debug|Any CPU.ActiveCfg = Debug|Any CPU
		{D3026D91-1863-4FF7-8980-A77C32A699F6}.Debug|Any CPU.Build.0 = Debug|Any CPU
		{D3026D91-1863-4FF7-8980-A77C32A699F6}.Release|Any CPU.ActiveCfg = Release|Any CPU
		{D3026D91-1863-4FF7-8980-A77C32A699F6}.Release|Any CPU.Build.0 = Release|Any CPU
	EndGlobalSection
	GlobalSection(SolutionProperties) = preSolution
		HideSolutionNode = FALSE
	EndGlobalSection
EndGlobal
